
Microsoft Visual Studio Solution File, Format Version 12.00
# Visual Studio 15
VisualStudioVersion = 15.0.27130.2026
MinimumVisualStudioVersion = 10.0.40219.1
Project("{FAE04EC0-301F-11D3-BF4B-00C04F79EFBC}") = "InformaticaWSH", "InformaticaWSH\InformaticaWSH.csproj", "{88F10E16-5750-40DB-814A-8582C960AF32}"
EndProject
Global
	GlobalSection(SolutionConfigurationPlatforms) = preSolution
		Debug|Any CPU = Debug|Any CPU
		Release|Any CPU = Release|Any CPU
	EndGlobalSection
	GlobalSection(ProjectConfigurationPlatforms) = postSolution
		{88F10E16-5750-40DB-814A-8582C960AF32}.Debug|Any CPU.ActiveCfg = Debug|Any CPU
		{88F10E16-5750-40DB-814A-8582C960AF32}.Debug|Any CPU.Build.0 = Debug|Any CPU
		{88F10E16-5750-40DB-814A-8582C960AF32}.Release|Any CPU.ActiveCfg = Release|Any CPU
		{88F10E16-5750-40DB-814A-8582C960AF32}.Release|Any CPU.Build.0 = Release|Any CPU
	EndGlobalSection
	GlobalSection(SolutionProperties) = preSolution
		HideSolutionNode = FALSE
	EndGlobalSection
	GlobalSection(ExtensibilityGlobals) = postSolution
		SolutionGuid = {FB796D6A-779C-4494-A48B-CF4D3480E844}
	EndGlobalSection
EndGlobal
